
Microsoft Visual Studio Solution File, Format Version 12.00
# Visual Studio Version 16
VisualStudioVersion = 16.0.29326.143
MinimumVisualStudioVersion = 10.0.40219.1
Project("{FAE04EC0-301F-11D3-BF4B-00C04F79EFBC}") = "MyCars.API", "MyCars.API\MyCars.API.csproj", "{61EAF817-568B-4A39-BB85-F2CFD9B08D38}"
EndProject
Project("{9A19103F-16F7-4668-BE54-9A1E7A4F7556}") = "MyCars.Core", "MyCars.Core\MyCars.Core.csproj", "{D41E2FBC-C67A-45CA-BEB5-721A9346BEB8}"
EndProject
Project("{FAE04EC0-301F-11D3-BF4B-00C04F79EFBC}") = "MyCars.TestRepositories", "MyCars.EntityFrameworkData\MyCars.TestRepositories.csproj", "{D0B5C4F1-3DCA-4A4C-9FC7-50037957AA59}"
EndProject
Project("{FAE04EC0-301F-11D3-BF4B-00C04F79EFBC}") = "MyCars.Tests", "MyCars.Tests\MyCars.Tests.csproj", "{15A72725-176E-4CA5-8186-473D7BA4B941}"
EndProject
Project("{FAE04EC0-301F-11D3-BF4B-00C04F79EFBC}") = "MyCars.Data", "MyCars.Data\MyCars.Data.csproj", "{F307456E-7306-4F3A-A815-A8F54366402A}"
EndProject
Global
	GlobalSection(SolutionConfigurationPlatforms) = preSolution
		Debug|Any CPU = Debug|Any CPU
		Release|Any CPU = Release|Any CPU
	EndGlobalSection
	GlobalSection(ProjectConfigurationPlatforms) = postSolution
		{61EAF817-568B-4A39-BB85-F2CFD9B08D38}.Debug|Any CPU.ActiveCfg = Debug|Any CPU
		{61EAF817-568B-4A39-BB85-F2CFD9B08D38}.Debug|Any CPU.Build.0 = Debug|Any CPU
		{61EAF817-568B-4A39-BB85-F2CFD9B08D38}.Release|Any CPU.ActiveCfg = Release|Any CPU
		{61EAF817-568B-4A39-BB85-F2CFD9B08D38}.Release|Any CPU.Build.0 = Release|Any CPU
		{D41E2FBC-C67A-45CA-BEB5-721A9346BEB8}.Debug|Any CPU.ActiveCfg = Debug|Any CPU
		{D41E2FBC-C67A-45CA-BEB5-721A9346BEB8}.Debug|Any CPU.Build.0 = Debug|Any CPU
		{D41E2FBC-C67A-45CA-BEB5-721A9346BEB8}.Release|Any CPU.ActiveCfg = Release|Any CPU
		{D41E2FBC-C67A-45CA-BEB5-721A9346BEB8}.Release|Any CPU.Build.0 = Release|Any CPU
		{D0B5C4F1-3DCA-4A4C-9FC7-50037957AA59}.Debug|Any CPU.ActiveCfg = Debug|Any CPU
		{D0B5C4F1-3DCA-4A4C-9FC7-50037957AA59}.Debug|Any CPU.Build.0 = Debug|Any CPU
		{D0B5C4F1-3DCA-4A4C-9FC7-50037957AA59}.Release|Any CPU.ActiveCfg = Release|Any CPU
		{D0B5C4F1-3DCA-4A4C-9FC7-50037957AA59}.Release|Any CPU.Build.0 = Release|Any CPU
		{15A72725-176E-4CA5-8186-473D7BA4B941}.Debug|Any CPU.ActiveCfg = Debug|Any CPU
		{15A72725-176E-4CA5-8186-473D7BA4B941}.Debug|Any CPU.Build.0 = Debug|Any CPU
		{15A72725-176E-4CA5-8186-473D7BA4B941}.Release|Any CPU.ActiveCfg = Release|Any CPU
		{15A72725-176E-4CA5-8186-473D7BA4B941}.Release|Any CPU.Build.0 = Release|Any CPU
		{F307456E-7306-4F3A-A815-A8F54366402A}.Debug|Any CPU.ActiveCfg = Debug|Any CPU
		{F307456E-7306-4F3A-A815-A8F54366402A}.Debug|Any CPU.Build.0 = Debug|Any CPU
		{F307456E-7306-4F3A-A815-A8F54366402A}.Release|Any CPU.ActiveCfg = Release|Any CPU
		{F307456E-7306-4F3A-A815-A8F54366402A}.Release|Any CPU.Build.0 = Release|Any CPU
	EndGlobalSection
	GlobalSection(SolutionProperties) = preSolution
		HideSolutionNode = FALSE
	EndGlobalSection
	GlobalSection(ExtensibilityGlobals) = postSolution
		SolutionGuid = {E52D94F7-03B4-439A-B781-A68B205160DF}
	EndGlobalSection
EndGlobal
